{
  "name": "Clinic360",
  "lockfileVersion": 3,
  "requires": true,
  "packages": {
    "": {
      "dependencies": {
        "verifalia-widget": "^1.13.0"
      }
    },
    "node_modules/verifalia-widget": {
      "version": "1.13.0",
      "resolved": "https://registry.npmjs.org/verifalia-widget/-/verifalia-widget-1.13.0.tgz",
      "integrity": "sha512-2EtxmijQAzxxF3lWf8IPc08/tM4lQVp+DhLSJ30BHR7TEL5Gld4VvjfzbVyOlKAhaMykDQocb7Z01JIEp214Ow==",
      "license": "MIT"
    }
  }
}
